
Microsoft Visual Studio Solution File, Format Version 12.00
# Visual Studio Version 17
VisualStudioVersion = 17.14.37216.2 d17.14
MinimumVisualStudioVersion = 10.0.40219.1
Project("{FAE04EC0-301F-11D3-BF4B-00C04F79EFBC}") = "RestauranteApp", "RestauranteApp\RestauranteApp.csproj", "{32561997-3C08-4601-A0BC-77EC579790D8}"
EndProject
Project("{FAE04EC0-301F-11D3-BF4B-00C04F79EFBC}") = "BE", "BE\BE.csproj", "{19EFAF68-20F5-4E81-9717-C21D0AF52530}"
EndProject
Project("{FAE04EC0-301F-11D3-BF4B-00C04F79EFBC}") = "DAL", "DAL\DAL.csproj", "{97DFAABF-0B4F-4953-8E31-C5443DDE7A18}"
EndProject
Project("{FAE04EC0-301F-11D3-BF4B-00C04F79EFBC}") = "BLL", "BLL\BLL.csproj", "{061549C9-73CC-48B1-BAC8-B9C8CC714C2A}"
EndProject
Global
	GlobalSection(SolutionConfigurationPlatforms) = preSolution
		Debug|Any CPU = Debug|Any CPU
		Release|Any CPU = Release|Any CPU
	EndGlobalSection
	GlobalSection(ProjectConfigurationPlatforms) = postSolution
		{32561997-3C08-4601-A0BC-77EC579790D8}.Debug|Any CPU.ActiveCfg = Debug|Any CPU
		{32561997-3C08-4601-A0BC-77EC579790D8}.Debug|Any CPU.Build.0 = Debug|Any CPU
		{32561997-3C08-4601-A0BC-77EC579790D8}.Release|Any CPU.ActiveCfg = Release|Any CPU
		{32561997-3C08-4601-A0BC-77EC579790D8}.Release|Any CPU.Build.0 = Release|Any CPU
		{19EFAF68-20F5-4E81-9717-C21D0AF52530}.Debug|Any CPU.ActiveCfg = Debug|Any CPU
		{19EFAF68-20F5-4E81-9717-C21D0AF52530}.Debug|Any CPU.Build.0 = Debug|Any CPU
		{19EFAF68-20F5-4E81-9717-C21D0AF52530}.Release|Any CPU.ActiveCfg = Release|Any CPU
		{19EFAF68-20F5-4E81-9717-C21D0AF52530}.Release|Any CPU.Build.0 = Release|Any CPU
		{97DFAABF-0B4F-4953-8E31-C5443DDE7A18}.Debug|Any CPU.ActiveCfg = Debug|Any CPU
		{97DFAABF-0B4F-4953-8E31-C5443DDE7A18}.Debug|Any CPU.Build.0 = Debug|Any CPU
		{97DFAABF-0B4F-4953-8E31-C5443DDE7A18}.Release|Any CPU.ActiveCfg = Release|Any CPU
		{97DFAABF-0B4F-4953-8E31-C5443DDE7A18}.Release|Any CPU.Build.0 = Release|Any CPU
		{061549C9-73CC-48B1-BAC8-B9C8CC714C2A}.Debug|Any CPU.ActiveCfg = Debug|Any CPU
		{061549C9-73CC-48B1-BAC8-B9C8CC714C2A}.Debug|Any CPU.Build.0 = Debug|Any CPU
		{061549C9-73CC-48B1-BAC8-B9C8CC714C2A}.Release|Any CPU.ActiveCfg = Release|Any CPU
		{061549C9-73CC-48B1-BAC8-B9C8CC714C2A}.Release|Any CPU.Build.0 = Release|Any CPU
	EndGlobalSection
	GlobalSection(SolutionProperties) = preSolution
		HideSolutionNode = FALSE
	EndGlobalSection
	GlobalSection(ExtensibilityGlobals) = postSolution
		SolutionGuid = {DD00852A-2346-4B28-AE2E-6773BD3013A6}
	EndGlobalSection
EndGlobal
